// !$*UTF8*$!
{
	archiveVersion = 1;
	classes = {
	};
	objectVersion = 50;
	objects = {

/* Begin PBXBuildFile section */
		58B1FFEF219D25F300C8276E /* AppDelegate.swift in Sources */ = {isa = PBXBuildFile; fileRef = 58B1FFEE219D25F300C8276E /* AppDelegate.swift */; };
		58B1FFF1219D25F300C8276E /* ViewController.swift in Sources */ = {isa = PBXBuildFile; fileRef = 58B1FFF0219D25F300C8276E /* ViewController.swift */; };
		58B1FFF4219D25F300C8276E /* Main.storyboard in Resources */ = {isa = PBXBuildFile; fileRef = 58B1FFF2219D25F300C8276E /* Main.storyboard */; };
		58B1FFF6219D25F300C8276E /* Assets.xcassets in Resources */ = {isa = PBXBuildFile; fileRef = 58B1FFF5219D25F300C8276E /* Assets.xcassets */; };
		58B1FFF9219D25F300C8276E /* LaunchScreen.storyboard in Resources */ = {isa = PBXBuildFile; fileRef = 58B1FFF7219D25F300C8276E /* LaunchScreen.storyboard */; };
/* End PBXBuildFile section */

/* Begin PBXFileReference section */
		58B1FFEB219D25F300C8276E /* BluetoothManager.app */ = {isa = PBXFileReference; explicitFileType = wrapper.application; includeInIndex = 0; path = BluetoothManager.app; sourceTree = BUILT_PRODUCTS_DIR; };
		58B1FFEE219D25F300C8276E /* AppDelegate.swift */ = {isa = PBXFileReference; lastKnownFileType = sourcecode.swift; path = AppDelegate.swift; sourceTree = "<group>"; };
		58B1FFF0219D25F300C8276E /* ViewController.swift */ = {isa = PBXFileReference; lastKnownFileType = sourcecode.swift; path = ViewController.swift; sourceTree = "<group>"; };
		58B1FFF3219D25F300C8276E /* Base */ = {isa = PBXFileReference; lastKnownFileType = file.storyboard; name = Base; path = Base.lproj/Main.storyboard; sourceTree = "<group>"; };
		58B1FFF5219D25F300C8276E /* Assets.xcassets */ = {isa = PBXFileReference; lastKnownFileType = folder.assetcatalog; path = Assets.xcassets; sourceTree = "<group>"; };
		58B1FFF8219D25F300C8276E /* Base */ = {isa = PBXFileReference; lastKnownFileType = file.storyboard; name = Base; path = Base.lproj/LaunchScreen.storyboard; sourceTree = "<group>"; };
		58B1FFFA219D25F300C8276E /* Info.plist */ = {isa = PBXFileReference; lastKnownFileType = text.plist.xml; path = Info.plist; sourceTree = "<group>"; };
/* End PBXFileReference section */

/* Begin PBXFrameworksBuildPhase section */
		58B1FFE8219D25F300C8276E /* Frameworks */ = {
			isa = PBXFrameworksBuildPhase;
			buildActionMask = 2147483647;
			files = (
			);
			runOnlyForDeploymentPostprocessing = 0;
		};
/* End PBXFrameworksBuildPhase section */

/* Begin PBXGroup section */
		58B1FFE2219D25F300C8276E = {
			isa = PBXGroup;
			children = (
				58B1FFED219D25F300C8276E /* BluetoothManager */,
				58B1FFEC219D25F300C8276E /* Products */,
			);
			sourceTree = "<group>";
		};
		58B1FFEC219D25F300C8276E /* Products */ = {
			isa = PBXGroup;
			children = (
				58B1FFEB219D25F300C8276E /* BluetoothManager.app */,
			);
			name = Products;
			sourceTree = "<group>";
		};
		58B1FFED219D25F300C8276E /* BluetoothManager */ = {
			isa = PBXGroup;
			children = (
				58B1FFEE219D25F300C8276E /* AppDelegate.swift */,
				58B1FFF0219D25F300C8276E /* ViewController.swift */,
				58B1FFF2219D25F300C8276E /* Main.storyboard */,
				58B1FFF5219D25F300C8276E /* Assets.xcassets */,
				58B1FFF7219D25F300C8276E /* LaunchScreen.storyboard */,
				58B1FFFA219D25F300C8276E /* Info.plist */,
			);
			path = BluetoothManager;
			sourceTree = "<group>";
		};
/* End PBXGroup section */

/* Begin PBXNativeTarget section */
		58B1FFEA219D25F300C8276E /* BluetoothManager */ = {
			isa = PBXNativeTarget;
			buildConfigurationList = 58B1FFFD219D25F300C8276E /* Build configuration list for PBXNativeTarget "BluetoothManager" */;
			buildPhases = (
				58B1FFE7219D25F300C8276E /* Sources */,
				58B1FFE8219D25F300C8276E /* Frameworks */,
				58B1FFE9219D25F300C8276E /* Resources */,
			);
			buildRules = (
			);
			dependencies = (
			);
			name = BluetoothManager;
			productName = BluetoothManager;
			productReference = 58B1FFEB219D25F300C8276E /* BluetoothManager.app */;
			productType = "com.apple.product-type.application";
		};
/* End PBXNativeTarget section */

/* Begin PBXProject section */
		58B1FFE3219D25F300C8276E /* Project object */ = {
			isa = PBXProject;
			attributes = {
				LastSwiftUpdateCheck = 1010;
				LastUpgradeCheck = 1010;
				ORGANIZATIONNAME = "Harvey He";
				TargetAttributes = {
					58B1FFEA219D25F300C8276E = {
						CreatedOnToolsVersion = 10.1;
					};
				};
			};
			buildConfigurationList = 58B1FFE6219D25F300C8276E /* Build configuration list for PBXProject "BluetoothManager" */;
			compatibilityVersion = "Xcode 9.3";
			developmentRegion = en;
			hasScannedForEncodings = 0;
			knownRegions = (
				en,
				Base,
			);
			mainGroup = 58B1FFE2219D25F300C8276E;
			productRefGroup = 58B1FFEC219D25F300C8276E /* Products */;
			projectDirPath = "";
			projectRoot = "";
			targets = (
				58B1FFEA219D25F300C8276E /* BluetoothManager */,
			);
		};
/* End PBXProject section */

/* Begin PBXResourcesBuildPhase section */
		58B1FFE9219D25F300C8276E /* Resources */ = {
			isa = PBXResourcesBuildPhase;
			buildActionMask = 2147483647;
			files = (
				58B1FFF9219D25F300C8276E /* LaunchScreen.storyboard in Resources */,
				58B1FFF6219D25F300C8276E /* Assets.xcassets in Resources */,
				58B1FFF4219D25F300C8276E /* Main.storyboard in Resources */,
			);
			runOnlyForDeploymentPostprocessing = 0;
		};
/* End PBXResourcesBuildPhase section */

/* Begin PBXSourcesBuildPhase section */
		58B1FFE7219D25F300C8276E /* Sources */ = {
			isa = PBXSourcesBuildPhase;
			buildActionMask = 2147483647;
			files = (
				58B1FFF1219D25F300C8276E /* ViewController.swift in Sources */,
				58B1FFEF219D25F300C8276E /* AppDelegate.swift in Sources */,
			);
			runOnlyForDeploymentPostprocessing = 0;
		};
/* End PBXSourcesBuildPhase section */

/* Begin PBXVariantGroup section */
		58B1FFF2219D25F300C8276E /* Main.storyboard */ = {
			isa = PBXVariantGroup;
			children = (
				58B1FFF3219D25F300C8276E /* Base */,
			);
			name = Main.storyboard;
			sourceTree = "<group>";
		};
		58B1FFF7219D25F300C8276E /* LaunchScreen.storyboard */ = {
			isa = PBXVariantGroup;
			children = (
				58B1FFF8219D25F300C8276E /* Base */,
			);
			name = LaunchScreen.storyboard;
			sourceTree = "<group>";
		};
/* End PBXVariantGroup section */

/* Begin XCBuildConfiguration section */
		58B1FFFB219D25F300C8276E /* Debug */ = {
			isa = XCBuildConfiguration;
			buildSettings = {
				ALWAYS_SEARCH_USER_PATHS = NO;
				CLANG_ANALYZER_NONNULL = YES;
				CLANG_ANALYZER_NUMBER_OBJECT_CONVERSION = YES_AGGRESSIVE;
				CLANG_CXX_LANGUAGE_STANDARD = "gnu++14";
				CLANG_CXX_LIBRARY = "libc++";
				CLANG_ENABLE_MODULES = YES;
				CLANG_ENABLE_OBJC_ARC = YES;
				CLANG_ENABLE_OBJC_WEAK = YES;
				CLANG_WARN_BLOCK_CAPTURE_AUTORELEASING = YES;
				CLANG_WARN_BOOL_CONVERSION = YES;
				CLANG_WARN_COMMA = YES;
				CLANG_WARN_CONSTANT_CONVERSION = YES;
				CLANG_WARN_DEPRECATED_OBJC_IMPLEMENTATIONS = YES;
				CLANG_WARN_DIRECT_OBJC_ISA_USAGE = YES_ERROR;
				CLANG_WARN_DOCUMENTATION_COMMENTS = YES;
				CLANG_WARN_EMPTY_BODY = YES;
				CLANG_WARN_ENUM_CONVERSION = YES;
				CLANG_WARN_INFINITE_RECURSION = YES;
				CLANG_WARN_INT_CONVERSION = YES;
				CLANG_WARN_NON_LITERAL_NULL_CONVERSION = YES;
				CLANG_WARN_OBJC_IMPLICIT_RETAIN_SELF = YES;
				CLANG_WARN_OBJC_LITERAL_CONVERSION = YES;
				CLANG_WARN_OBJC_ROOT_CLASS = YES_ERROR;
				CLANG_WARN_RANGE_LOOP_ANALYSIS = YES;
				CLANG_WARN_STRICT_PROTOTYPES = YES;
				CLANG_WARN_SUSPICIOUS_MOVE = YES;
				CLANG_WARN_UNGUARDED_AVAILABILITY = YES_AGGRESSIVE;
				CLANG_WARN_UNREACHABLE_CODE = YES;
				CLANG_WARN__DUPLICATE_METHOD_MATCH = YES;
				CODE_SIGN_IDENTITY = "iPhone Developer";
				COPY_PHASE_STRIP = NO;
				DEBUG_INFORMATION_FORMAT = dwarf;
				ENABLE_STRICT_OBJC_MSGSEND = YES;
				ENABLE_TESTABILITY = YES;
				GCC_C_LANGUAGE_STANDARD = gnu11;
				GCC_DYNAMIC_NO_PIC = NO;
				GCC_NO_COMMON_BLOCKS = YES;
				GCC_OPTIMIZATION_LEVEL = 0;
				GCC_PREPROCESSOR_DEFINITIONS = (
					"DEBUG=1",
					"$(inherited)",
				);
				GCC_WARN_64_TO_32_BIT_CONVERSION = YES;
				GCC_WARN_ABOUT_RETURN_TYPE = YES_ERROR;
				GCC_WARN_UNDECLARED_SELECTOR = YES;
				GCC_WARN_UNINITIALIZED_AUTOS = YES_AGGRESSIVE;
				GCC_WARN_UNUSED_FUNCTION = YES;
				GCC_WARN_UNUSED_VARIABLE = YES;
				IPHONEOS_DEPLOYMENT_TARGET = 12.1;
				MTL_ENABLE_DEBUG_INFO = INCLUDE_SOURCE;
				MTL_FAST_MATH = YES;
				ONLY_ACTIVE_ARCH = YES;
				SDKROOT = iphoneos;
				SWIFT_ACTIVE_COMPILATION_CONDITIONS = DEBUG;
				SWIFT_OPTIMIZATION_LEVEL = "-Onone";
			};
			name = Debug;
		};
		58B1FFFC219D25F300C8276E /* Release */ = {
			isa = XCBuildConfiguration;
			buildSettings = {
				ALWAYS_SEARCH_USER_PATHS = NO;
				CLANG_ANALYZER_NONNULL = YES;
				CLANG_ANALYZER_NUMBER_OBJECT_CONVERSION = YES_AGGRESSIVE;
				CLANG_CXX_LANGUAGE_STANDARD = "gnu++14";
				CLANG_CXX_LIBRARY = "libc++";
				CLANG_ENABLE_MODULES = YES;
				CLANG_ENABLE_OBJC_ARC = YES;
				CLANG_ENABLE_OBJC_WEAK = YES;
				CLANG_WARN_BLOCK_CAPTURE_AUTORELEASING = YES;
				CLANG_WARN_BOOL_CONVERSION = YES;
				CLANG_WARN_COMMA = YES;
				CLANG_WARN_CONSTANT_CONVERSION = YES;
				CLANG_WARN_DEPRECATED_OBJC_IMPLEMENTATIONS = YES;
				CLANG_WARN_DIRECT_OBJC_ISA_USAGE = YES_ERROR;
				CLANG_WARN_DOCUMENTATION_COMMENTS = YES;
				CLANG_WARN_EMPTY_BODY = YES;
				CLANG_WARN_ENUM_CONVERSION = YES;
				CLANG_WARN_INFINITE_RECURSION = YES;
				CLANG_WARN_INT_CONVERSION = YES;
				CLANG_WARN_NON_LITERAL_NULL_CONVERSION = YES;
				CLANG_WARN_OBJC_IMPLICIT_RETAIN_SELF = YES;
				CLANG_WARN_OBJC_LITERAL_CONVERSION = YES;
				CLANG_WARN_OBJC_ROOT_CLASS = YES_ERROR;
				CLANG_WARN_RANGE_LOOP_ANALYSIS = YES;
				CLANG_WARN_STRICT_PROTOTYPES = YES;
				CLANG_WARN_SUSPICIOUS_MOVE = YES;
				CLANG_WARN_UNGUARDED_AVAILABILITY = YES_AGGRESSIVE;
				CLANG_WARN_UNREACHABLE_CODE = YES;
				CLANG_WARN__DUPLICATE_METHOD_MATCH = YES;
				CODE_SIGN_IDENTITY = "iPhone Developer";
				COPY_PHASE_STRIP = NO;
				DEBUG_INFORMATION_FORMAT = "dwarf-with-dsym";
				ENABLE_NS_ASSERTIONS = NO;
				ENABLE_STRICT_OBJC_MSGSEND = YES;
				GCC_C_LANGUAGE_STANDARD = gnu11;
				GCC_NO_COMMON_BLOCKS = YES;
				GCC_WARN_64_TO_32_BIT_CONVERSION = YES;
				GCC_WARN_ABOUT_RETURN_TYPE = YES_ERROR;
				GCC_WARN_UNDECLARED_SELECTOR = YES;
				GCC_WARN_UNINITIALIZED_AUTOS = YES_AGGRESSIVE;
				GCC_WARN_UNUSED_FUNCTION = YES;
				GCC_WARN_UNUSED_VARIABLE = YES;
				IPHONEOS_DEPLOYMENT_TARGET = 12.1;
				MTL_ENABLE_DEBUG_INFO = NO;
				MTL_FAST_MATH = YES;
				SDKROOT = iphoneos;
				SWIFT_COMPILATION_MODE = wholemodule;
				SWIFT_OPTIMIZATION_LEVEL = "-O";
				VALIDATE_PRODUCT = YES;
			};
			name = Release;
		};
		58B1FFFE219D25F300C8276E /* Debug */ = {
			isa = XCBuildConfiguration;
			buildSettings = {
				ASSETCATALOG_COMPILER_APPICON_NAME = AppIcon;
				CODE_SIGN_STYLE = Automatic;
				DEVELOPMENT_TEAM = WW465QJJW5;
				INFOPLIST_FILE = BluetoothManager/Info.plist;
				LD_RUNPATH_SEARCH_PATHS = (
					"$(inherited)",
					"@executable_path/Frameworks",
				);
				PRODUCT_BUNDLE_IDENTIFIER = com.hehongwei.BluetoothManager;
				PRODUCT_NAME = "$(TARGET_NAME)";
				SWIFT_VERSION = 4.2;
				TARGETED_DEVICE_FAMILY = "1,2";
			};
			name = Debug;
		};
		58B1FFFF219D25F300C8276E /* Release */ = {
			isa = XCBuildConfiguration;
			buildSettings = {
				ASSETCATALOG_COMPILER_APPICON_NAME = AppIcon;
				CODE_SIGN_STYLE = Automatic;
				DEVELOPMENT_TEAM = WW465QJJW5;
				INFOPLIST_FILE = BluetoothManager/Info.plist;
				LD_RUNPATH_SEARCH_PATHS = (
					"$(inherited)",
					"@executable_path/Frameworks",
				);
				PRODUCT_BUNDLE_IDENTIFIER = com.hehongwei.BluetoothManager;
				PRODUCT_NAME = "$(TARGET_NAME)";
				SWIFT_VERSION = 4.2;
				TARGETED_DEVICE_FAMILY = "1,2";
			};
			name = Release;
		};
/* End XCBuildConfiguration section */

/* Begin XCConfigurationList section */
		58B1FFE6219D25F300C8276E /* Build configuration list for PBXProject "BluetoothManager" */ = {
			isa = XCConfigurationList;
			buildConfigurations = (
				58B1FFFB219D25F300C8276E /* Debug */,
				58B1FFFC219D25F300C8276E /* Release */,
			);
			defaultConfigurationIsVisible = 0;
			defaultConfigurationName = Release;
		};
		58B1FFFD219D25F300C8276E /* Build configuration list for PBXNativeTarget "BluetoothManager" */ = {
			isa = XCConfigurationList;
			buildConfigurations = (
				58B1FFFE219D25F300C8276E /* Debug */,
				58B1FFFF219D25F300C8276E /* Release */,
			);
			defaultConfigurationIsVisible = 0;
			defaultConfigurationName = Release;
		};
/* End XCConfigurationList section */
	};
	rootObject = 58B1FFE3219D25F300C8276E /* Project object */;
}
